
Microsoft Visual Studio Solution File, Format Version 12.00
# Visual Studio Version 17
VisualStudioVersion = 17.14.36511.14 d17.14
MinimumVisualStudioVersion = 10.0.40219.1
Project("{FAE04EC0-301F-11D3-BF4B-00C04F79EFBC}") = "Week3 Library", "Week3 Library\Week3 Library.csproj", "{60E0B2BA-7F7A-42C1-B5CF-1245AC4BB13D}"
EndProject
Global
	GlobalSection(SolutionConfigurationPlatforms) = preSolution
		Debug|Any CPU = Debug|Any CPU
		Release|Any CPU = Release|Any CPU
	EndGlobalSection
	GlobalSection(ProjectConfigurationPlatforms) = postSolution
		{60E0B2BA-7F7A-42C1-B5CF-1245AC4BB13D}.Debug|Any CPU.ActiveCfg = Debug|Any CPU
		{60E0B2BA-7F7A-42C1-B5CF-1245AC4BB13D}.Debug|Any CPU.Build.0 = Debug|Any CPU
		{60E0B2BA-7F7A-42C1-B5CF-1245AC4BB13D}.Release|Any CPU.ActiveCfg = Release|Any CPU
		{60E0B2BA-7F7A-42C1-B5CF-1245AC4BB13D}.Release|Any CPU.Build.0 = Release|Any CPU
	EndGlobalSection
	GlobalSection(SolutionProperties) = preSolution
		HideSolutionNode = FALSE
	EndGlobalSection
	GlobalSection(ExtensibilityGlobals) = postSolution
		SolutionGuid = {887F0487-4DAA-466B-B8E5-083725E43CBE}
	EndGlobalSection
EndGlobal
